
Microsoft Visual Studio Solution File, Format Version 12.00
# Visual Studio Version 16
VisualStudioVersion = 16.0.31729.503
MinimumVisualStudioVersion = 10.0.40219.1
Project("{FAE04EC0-301F-11D3-BF4B-00C04F79EFBC}") = "Ophelia", "Ophelia.csproj", "{0053818B-C32E-474A-BA60-3F76247DDF9B}"
EndProject
Global
	GlobalSection(SolutionConfigurationPlatforms) = preSolution
		Debug|Any CPU = Debug|Any CPU
		Release|Any CPU = Release|Any CPU
	EndGlobalSection
	GlobalSection(ProjectConfigurationPlatforms) = postSolution
		{0053818B-C32E-474A-BA60-3F76247DDF9B}.Debug|Any CPU.ActiveCfg = Debug|Any CPU
		{0053818B-C32E-474A-BA60-3F76247DDF9B}.Debug|Any CPU.Build.0 = Debug|Any CPU
		{0053818B-C32E-474A-BA60-3F76247DDF9B}.Release|Any CPU.ActiveCfg = Release|Any CPU
		{0053818B-C32E-474A-BA60-3F76247DDF9B}.Release|Any CPU.Build.0 = Release|Any CPU
	EndGlobalSection
	GlobalSection(SolutionProperties) = preSolution
		HideSolutionNode = FALSE
	EndGlobalSection
	GlobalSection(ExtensibilityGlobals) = postSolution
		SolutionGuid = {04C83709-BD79-475F-9C23-4C20EAEFF612}
	EndGlobalSection
EndGlobal
